
Microsoft Visual Studio Solution File, Format Version 12.00
# Visual Studio Version 17
VisualStudioVersion = 17.0.31903.59
MinimumVisualStudioVersion = 10.0.40219.1
Project("{2150E333-8FDC-42A3-9474-1A3956D46DE8}") = "src", "src", "{5881490C-CF81-4154-A32C-B328CA2543A1}"
EndProject
Project("{FAE04EC0-301F-11D3-BF4B-00C04F79EFBC}") = "SolanaTradingBot.Discovery", "src\Discovery\SolanaTradingBot.Discovery.csproj", "{2EDCD83B-8BD7-4AB7-A2AD-FBE54311F2EC}"
EndProject
Project("{FAE04EC0-301F-11D3-BF4B-00C04F79EFBC}") = "SolanaTradingBot.DataVendors", "src\DataVendors\SolanaTradingBot.DataVendors.csproj", "{7E2C697F-57B1-4F37-B99B-EE8FCA52AFF8}"
EndProject
Project("{FAE04EC0-301F-11D3-BF4B-00C04F79EFBC}") = "SolanaTradingBot.Engine", "src\Engine\SolanaTradingBot.Engine.csproj", "{0A18D55A-56D2-4729-98C3-A14918BBB563}"
EndProject
Project("{FAE04EC0-301F-11D3-BF4B-00C04F79EFBC}") = "SolanaTradingBot.Execution", "src\Execution\SolanaTradingBot.Execution.csproj", "{ED1E9345-7A2F-4AE2-82DA-368C7ABC77AF}"
EndProject
Project("{FAE04EC0-301F-11D3-BF4B-00C04F79EFBC}") = "SolanaTradingBot.State", "src\State\SolanaTradingBot.State.csproj", "{F1074D0C-FF93-4B18-8D0F-3C4FD9BF18D9}"
EndProject
Project("{FAE04EC0-301F-11D3-BF4B-00C04F79EFBC}") = "SolanaTradingBot.CLI", "src\CLI\SolanaTradingBot.CLI.csproj", "{7C0B8EE6-826D-4409-8997-ECBB3FFC6213}"
EndProject
Project("{FAE04EC0-301F-11D3-BF4B-00C04F79EFBC}") = "SolanaTradingBot.Tests", "tests\SolanaTradingBot.Tests.csproj", "{CA7E844F-239A-49B1-8A70-31C52C4581AD}"
EndProject
Global
	GlobalSection(SolutionConfigurationPlatforms) = preSolution
		Debug|Any CPU = Debug|Any CPU
		Release|Any CPU = Release|Any CPU
	EndGlobalSection
	GlobalSection(SolutionProperties) = preSolution
		HideSolutionNode = FALSE
	EndGlobalSection
	GlobalSection(ProjectConfigurationPlatforms) = postSolution
		{2EDCD83B-8BD7-4AB7-A2AD-FBE54311F2EC}.Debug|Any CPU.ActiveCfg = Debug|Any CPU
		{2EDCD83B-8BD7-4AB7-A2AD-FBE54311F2EC}.Debug|Any CPU.Build.0 = Debug|Any CPU
		{2EDCD83B-8BD7-4AB7-A2AD-FBE54311F2EC}.Release|Any CPU.ActiveCfg = Release|Any CPU
		{2EDCD83B-8BD7-4AB7-A2AD-FBE54311F2EC}.Release|Any CPU.Build.0 = Release|Any CPU
		{7E2C697F-57B1-4F37-B99B-EE8FCA52AFF8}.Debug|Any CPU.ActiveCfg = Debug|Any CPU
		{7E2C697F-57B1-4F37-B99B-EE8FCA52AFF8}.Debug|Any CPU.Build.0 = Debug|Any CPU
		{7E2C697F-57B1-4F37-B99B-EE8FCA52AFF8}.Release|Any CPU.ActiveCfg = Release|Any CPU
		{7E2C697F-57B1-4F37-B99B-EE8FCA52AFF8}.Release|Any CPU.Build.0 = Release|Any CPU
		{0A18D55A-56D2-4729-98C3-A14918BBB563}.Debug|Any CPU.ActiveCfg = Debug|Any CPU
		{0A18D55A-56D2-4729-98C3-A14918BBB563}.Debug|Any CPU.Build.0 = Debug|Any CPU
		{0A18D55A-56D2-4729-98C3-A14918BBB563}.Release|Any CPU.ActiveCfg = Release|Any CPU
		{0A18D55A-56D2-4729-98C3-A14918BBB563}.Release|Any CPU.Build.0 = Release|Any CPU
		{ED1E9345-7A2F-4AE2-82DA-368C7ABC77AF}.Debug|Any CPU.ActiveCfg = Debug|Any CPU
		{ED1E9345-7A2F-4AE2-82DA-368C7ABC77AF}.Debug|Any CPU.Build.0 = Debug|Any CPU
		{ED1E9345-7A2F-4AE2-82DA-368C7ABC77AF}.Release|Any CPU.ActiveCfg = Release|Any CPU
		{ED1E9345-7A2F-4AE2-82DA-368C7ABC77AF}.Release|Any CPU.Build.0 = Release|Any CPU
		{F1074D0C-FF93-4B18-8D0F-3C4FD9BF18D9}.Debug|Any CPU.ActiveCfg = Debug|Any CPU
		{F1074D0C-FF93-4B18-8D0F-3C4FD9BF18D9}.Debug|Any CPU.Build.0 = Debug|Any CPU
		{F1074D0C-FF93-4B18-8D0F-3C4FD9BF18D9}.Release|Any CPU.ActiveCfg = Release|Any CPU
		{F1074D0C-FF93-4B18-8D0F-3C4FD9BF18D9}.Release|Any CPU.Build.0 = Release|Any CPU
		{7C0B8EE6-826D-4409-8997-ECBB3FFC6213}.Debug|Any CPU.ActiveCfg = Debug|Any CPU
		{7C0B8EE6-826D-4409-8997-ECBB3FFC6213}.Debug|Any CPU.Build.0 = Debug|Any CPU
		{7C0B8EE6-826D-4409-8997-ECBB3FFC6213}.Release|Any CPU.ActiveCfg = Release|Any CPU
		{7C0B8EE6-826D-4409-8997-ECBB3FFC6213}.Release|Any CPU.Build.0 = Release|Any CPU
		{CA7E844F-239A-49B1-8A70-31C52C4581AD}.Debug|Any CPU.ActiveCfg = Debug|Any CPU
		{CA7E844F-239A-49B1-8A70-31C52C4581AD}.Debug|Any CPU.Build.0 = Debug|Any CPU
		{CA7E844F-239A-49B1-8A70-31C52C4581AD}.Release|Any CPU.ActiveCfg = Release|Any CPU
		{CA7E844F-239A-49B1-8A70-31C52C4581AD}.Release|Any CPU.Build.0 = Release|Any CPU
	EndGlobalSection
	GlobalSection(NestedProjects) = preSolution
		{2EDCD83B-8BD7-4AB7-A2AD-FBE54311F2EC} = {5881490C-CF81-4154-A32C-B328CA2543A1}
		{7E2C697F-57B1-4F37-B99B-EE8FCA52AFF8} = {5881490C-CF81-4154-A32C-B328CA2543A1}
		{0A18D55A-56D2-4729-98C3-A14918BBB563} = {5881490C-CF81-4154-A32C-B328CA2543A1}
		{ED1E9345-7A2F-4AE2-82DA-368C7ABC77AF} = {5881490C-CF81-4154-A32C-B328CA2543A1}
		{F1074D0C-FF93-4B18-8D0F-3C4FD9BF18D9} = {5881490C-CF81-4154-A32C-B328CA2543A1}
		{7C0B8EE6-826D-4409-8997-ECBB3FFC6213} = {5881490C-CF81-4154-A32C-B328CA2543A1}
	EndGlobalSection
EndGlobal
